// !$*UTF8*$!
{
	archiveVersion = 1;
	classes = {
	};
	objectVersion = 46;
	objects = {

/* Begin PBXBuildFile section */
		6EC458B01D4EF6C6003DFDB7 /* AppDelegate.swift in Sources */ = {isa = PBXBuildFile; fileRef = 6EC458AF1D4EF6C6003DFDB7 /* AppDelegate.swift */; };
		6EC458B21D4EF6C6003DFDB7 /* ViewController.swift in Sources */ = {isa = PBXBuildFile; fileRef = 6EC458B11D4EF6C6003DFDB7 /* ViewController.swift */; };
		6EC458B51D4EF6C6003DFDB7 /* Main.storyboard in Resources */ = {isa = PBXBuildFile; fileRef = 6EC458B31D4EF6C6003DFDB7 /* Main.storyboard */; };
		6EC458B71D4EF6C6003DFDB7 /* Assets.xcassets in Resources */ = {isa = PBXBuildFile; fileRef = 6EC458B61D4EF6C6003DFDB7 /* Assets.xcassets */; };
		6EC458BA1D4EF6C6003DFDB7 /* LaunchScreen.storyboard in Resources */ = {isa = PBXBuildFile; fileRef = 6EC458B81D4EF6C6003DFDB7 /* LaunchScreen.storyboard */; };
/* End PBXBuildFile section */

/* Begin PBXFileReference section */
		6EC458AC1D4EF6C6003DFDB7 /* twitterDemo.app */ = {isa = PBXFileReference; explicitFileType = wrapper.application; includeInIndex = 0; path = twitterDemo.app; sourceTree = BUILT_PRODUCTS_DIR; };
		6EC458AF1D4EF6C6003DFDB7 /* AppDelegate.swift */ = {isa = PBXFileReference; lastKnownFileType = sourcecode.swift; path = AppDelegate.swift; sourceTree = "<group>"; };
		6EC458B11D4EF6C6003DFDB7 /* ViewController.swift */ = {isa = PBXFileReference; lastKnownFileType = sourcecode.swift; path = ViewController.swift; sourceTree = "<group>"; };
		6EC458B41D4EF6C6003DFDB7 /* Base */ = {isa = PBXFileReference; lastKnownFileType = file.storyboard; name = Base; path = Base.lproj/Main.storyboard; sourceTree = "<group>"; };
		6EC458B61D4EF6C6003DFDB7 /* Assets.xcassets */ = {isa = PBXFileReference; lastKnownFileType = folder.assetcatalog; path = Assets.xcassets; sourceTree = "<group>"; };
		6EC458B91D4EF6C6003DFDB7 /* Base */ = {isa = PBXFileReference; lastKnownFileType = file.storyboard; name = Base; path = Base.lproj/LaunchScreen.storyboard; sourceTree = "<group>"; };
		6EC458BB1D4EF6C6003DFDB7 /* Info.plist */ = {isa = PBXFileReference; lastKnownFileType = text.plist.xml; path = Info.plist; sourceTree = "<group>"; };
/* End PBXFileReference section */

/* Begin PBXFrameworksBuildPhase section */
		6EC458A91D4EF6C6003DFDB7 /* Frameworks */ = {
			isa = PBXFrameworksBuildPhase;
			buildActionMask = 2147483647;
			files = (
			);
			runOnlyForDeploymentPostprocessing = 0;
		};
/* End PBXFrameworksBuildPhase section */

/* Begin PBXGroup section */
		6EC458A31D4EF6C6003DFDB7 = {
			isa = PBXGroup;
			children = (
				6EC458AE1D4EF6C6003DFDB7 /* twitterDemo */,
				6EC458AD1D4EF6C6003DFDB7 /* Products */,
			);
			sourceTree = "<group>";
		};
		6EC458AD1D4EF6C6003DFDB7 /* Products */ = {
			isa = PBXGroup;
			children = (
				6EC458AC1D4EF6C6003DFDB7 /* twitterDemo.app */,
			);
			name = Products;
			sourceTree = "<group>";
		};
		6EC458AE1D4EF6C6003DFDB7 /* twitterDemo */ = {
			isa = PBXGroup;
			children = (
				6EC458AF1D4EF6C6003DFDB7 /* AppDelegate.swift */,
				6EC458B11D4EF6C6003DFDB7 /* ViewController.swift */,
				6EC458B31D4EF6C6003DFDB7 /* Main.storyboard */,
				6EC458B61D4EF6C6003DFDB7 /* Assets.xcassets */,
				6EC458B81D4EF6C6003DFDB7 /* LaunchScreen.storyboard */,
				6EC458BB1D4EF6C6003DFDB7 /* Info.plist */,
			);
			path = twitterDemo;
			sourceTree = "<group>";
		};
/* End PBXGroup section */

/* Begin PBXNativeTarget section */
		6EC458AB1D4EF6C6003DFDB7 /* twitterDemo */ = {
			isa = PBXNativeTarget;
			buildConfigurationList = 6EC458BE1D4EF6C6003DFDB7 /* Build configuration list for PBXNativeTarget "twitterDemo" */;
			buildPhases = (
				6EC458A81D4EF6C6003DFDB7 /* Sources */,
				6EC458A91D4EF6C6003DFDB7 /* Frameworks */,
				6EC458AA1D4EF6C6003DFDB7 /* Resources */,
			);
			buildRules = (
			);
			dependencies = (
			);
			name = twitterDemo;
			productName = twitterDemo;
			productReference = 6EC458AC1D4EF6C6003DFDB7 /* twitterDemo.app */;
			productType = "com.apple.product-type.application";
		};
/* End PBXNativeTarget section */

/* Begin PBXProject section */
		6EC458A41D4EF6C6003DFDB7 /* Project object */ = {
			isa = PBXProject;
			attributes = {
				LastSwiftUpdateCheck = 0720;
				LastUpgradeCheck = 0720;
				ORGANIZATIONNAME = "Chenyang Feng";
				TargetAttributes = {
					6EC458AB1D4EF6C6003DFDB7 = {
						CreatedOnToolsVersion = 7.2.1;
					};
				};
			};
			buildConfigurationList = 6EC458A71D4EF6C6003DFDB7 /* Build configuration list for PBXProject "twitterDemo" */;
			compatibilityVersion = "Xcode 3.2";
			developmentRegion = English;
			hasScannedForEncodings = 0;
			knownRegions = (
				en,
				Base,
			);
			mainGroup = 6EC458A31D4EF6C6003DFDB7;
			productRefGroup = 6EC458AD1D4EF6C6003DFDB7 /* Products */;
			projectDirPath = "";
			projectRoot = "";
			targets = (
				6EC458AB1D4EF6C6003DFDB7 /* twitterDemo */,
			);
		};
/* End PBXProject section */

/* Begin PBXResourcesBuildPhase section */
		6EC458AA1D4EF6C6003DFDB7 /* Resources */ = {
			isa = PBXResourcesBuildPhase;
			buildActionMask = 2147483647;
			files = (
				6EC458BA1D4EF6C6003DFDB7 /* LaunchScreen.storyboard in Resources */,
				6EC458B71D4EF6C6003DFDB7 /* Assets.xcassets in Resources */,
				6EC458B51D4EF6C6003DFDB7 /* Main.storyboard in Resources */,
			);
			runOnlyForDeploymentPostprocessing = 0;
		};
/* End PBXResourcesBuildPhase section */

/* Begin PBXSourcesBuildPhase section */
		6EC458A81D4EF6C6003DFDB7 /* Sources */ = {
			isa = PBXSourcesBuildPhase;
			buildActionMask = 2147483647;
			files = (
				6EC458B21D4EF6C6003DFDB7 /* ViewController.swift in Sources */,
				6EC458B01D4EF6C6003DFDB7 /* AppDelegate.swift in Sources */,
			);
			runOnlyForDeploymentPostprocessing = 0;
		};
/* End PBXSourcesBuildPhase section */

/* Begin PBXVariantGroup section */
		6EC458B31D4EF6C6003DFDB7 /* Main.storyboard */ = {
			isa = PBXVariantGroup;
			children = (
				6EC458B41D4EF6C6003DFDB7 /* Base */,
			);
			name = Main.storyboard;
			sourceTree = "<group>";
		};
		6EC458B81D4EF6C6003DFDB7 /* LaunchScreen.storyboard */ = {
			isa = PBXVariantGroup;
			children = (
				6EC458B91D4EF6C6003DFDB7 /* Base */,
			);
			name = LaunchScreen.storyboard;
			sourceTree = "<group>";
		};
/* End PBXVariantGroup section */

/* Begin XCBuildConfiguration section */
		6EC458BC1D4EF6C6003DFDB7 /* Debug */ = {
			isa = XCBuildConfiguration;
			buildSettings = {
				ALWAYS_SEARCH_USER_PATHS = NO;
				CLANG_CXX_LANGUAGE_STANDARD = "gnu++0x";
				CLANG_CXX_LIBRARY = "libc++";
				CLANG_ENABLE_MODULES = YES;
				CLANG_ENABLE_OBJC_ARC = YES;
				CLANG_WARN_BOOL_CONVERSION = YES;
				CLANG_WARN_CONSTANT_CONVERSION = YES;
				CLANG_WARN_DIRECT_OBJC_ISA_USAGE = YES_ERROR;
				CLANG_WARN_EMPTY_BODY = YES;
				CLANG_WARN_ENUM_CONVERSION = YES;
				CLANG_WARN_INT_CONVERSION = YES;
				CLANG_WARN_OBJC_ROOT_CLASS = YES_ERROR;
				CLANG_WARN_UNREACHABLE_CODE = YES;
				CLANG_WARN__DUPLICATE_METHOD_MATCH = YES;
				"CODE_SIGN_IDENTITY[sdk=iphoneos*]" = "iPhone Developer";
				COPY_PHASE_STRIP = NO;
				DEBUG_INFORMATION_FORMAT = dwarf;
				ENABLE_STRICT_OBJC_MSGSEND = YES;
				ENABLE_TESTABILITY = YES;
				GCC_C_LANGUAGE_STANDARD = gnu99;
				GCC_DYNAMIC_NO_PIC = NO;
				GCC_NO_COMMON_BLOCKS = YES;
				GCC_OPTIMIZATION_LEVEL = 0;
				GCC_PREPROCESSOR_DEFINITIONS = (
					"DEBUG=1",
					"$(inherited)",
				);
				GCC_WARN_64_TO_32_BIT_CONVERSION = YES;
				GCC_WARN_ABOUT_RETURN_TYPE = YES_ERROR;
				GCC_WARN_UNDECLARED_SELECTOR = YES;
				GCC_WARN_UNINITIALIZED_AUTOS = YES_AGGRESSIVE;
				GCC_WARN_UNUSED_FUNCTION = YES;
				GCC_WARN_UNUSED_VARIABLE = YES;
				IPHONEOS_DEPLOYMENT_TARGET = 9.2;
				MTL_ENABLE_DEBUG_INFO = YES;
				ONLY_ACTIVE_ARCH = YES;
				SDKROOT = iphoneos;
				SWIFT_OPTIMIZATION_LEVEL = "-Onone";
			};
			name = Debug;
		};
		6EC458BD1D4EF6C6003DFDB7 /* Release */ = {
			isa = XCBuildConfiguration;
			buildSettings = {
				ALWAYS_SEARCH_USER_PATHS = NO;
				CLANG_CXX_LANGUAGE_STANDARD = "gnu++0x";
				CLANG_CXX_LIBRARY = "libc++";
				CLANG_ENABLE_MODULES = YES;
				CLANG_ENABLE_OBJC_ARC = YES;
				CLANG_WARN_BOOL_CONVERSION = YES;
				CLANG_WARN_CONSTANT_CONVERSION = YES;
				CLANG_WARN_DIRECT_OBJC_ISA_USAGE = YES_ERROR;
				CLANG_WARN_EMPTY_BODY = YES;
				CLANG_WARN_ENUM_CONVERSION = YES;
				CLANG_WARN_INT_CONVERSION = YES;
				CLANG_WARN_OBJC_ROOT_CLASS = YES_ERROR;
				CLANG_WARN_UNREACHABLE_CODE = YES;
				CLANG_WARN__DUPLICATE_METHOD_MATCH = YES;
				"CODE_SIGN_IDENTITY[sdk=iphoneos*]" = "iPhone Developer";
				COPY_PHASE_STRIP = NO;
				DEBUG_INFORMATION_FORMAT = "dwarf-with-dsym";
				ENABLE_NS_ASSERTIONS = NO;
				ENABLE_STRICT_OBJC_MSGSEND = YES;
				GCC_C_LANGUAGE_STANDARD = gnu99;
				GCC_NO_COMMON_BLOCKS = YES;
				GCC_WARN_64_TO_32_BIT_CONVERSION = YES;
				GCC_WARN_ABOUT_RETURN_TYPE = YES_ERROR;
				GCC_WARN_UNDECLARED_SELECTOR = YES;
				GCC_WARN_UNINITIALIZED_AUTOS = YES_AGGRESSIVE;
				GCC_WARN_UNUSED_FUNCTION = YES;
				GCC_WARN_UNUSED_VARIABLE = YES;
				IPHONEOS_DEPLOYMENT_TARGET = 9.2;
				MTL_ENABLE_DEBUG_INFO = NO;
				SDKROOT = iphoneos;
				VALIDATE_PRODUCT = YES;
			};
			name = Release;
		};
		6EC458BF1D4EF6C6003DFDB7 /* Debug */ = {
			isa = XCBuildConfiguration;
			buildSettings = {
				ASSETCATALOG_COMPILER_APPICON_NAME = AppIcon;
				INFOPLIST_FILE = twitterDemo/Info.plist;
				LD_RUNPATH_SEARCH_PATHS = "$(inherited) @executable_path/Frameworks";
				PRODUCT_BUNDLE_IDENTIFIER = chenyang.twitterDemo;
				PRODUCT_NAME = "$(TARGET_NAME)";
			};
			name = Debug;
		};
		6EC458C01D4EF6C6003DFDB7 /* Release */ = {
			isa = XCBuildConfiguration;
			buildSettings = {
				ASSETCATALOG_COMPILER_APPICON_NAME = AppIcon;
				INFOPLIST_FILE = twitterDemo/Info.plist;
				LD_RUNPATH_SEARCH_PATHS = "$(inherited) @executable_path/Frameworks";
				PRODUCT_BUNDLE_IDENTIFIER = chenyang.twitterDemo;
				PRODUCT_NAME = "$(TARGET_NAME)";
			};
			name = Release;
		};
/* End XCBuildConfiguration section */

/* Begin XCConfigurationList section */
		6EC458A71D4EF6C6003DFDB7 /* Build configuration list for PBXProject "twitterDemo" */ = {
			isa = XCConfigurationList;
			buildConfigurations = (
				6EC458BC1D4EF6C6003DFDB7 /* Debug */,
				6EC458BD1D4EF6C6003DFDB7 /* Release */,
			);
			defaultConfigurationIsVisible = 0;
			defaultConfigurationName = Release;
		};
		6EC458BE1D4EF6C6003DFDB7 /* Build configuration list for PBXNativeTarget "twitterDemo" */ = {
			isa = XCConfigurationList;
			buildConfigurations = (
				6EC458BF1D4EF6C6003DFDB7 /* Debug */,
				6EC458C01D4EF6C6003DFDB7 /* Release */,
			);
			defaultConfigurationIsVisible = 0;
		};
/* End XCConfigurationList section */
	};
	rootObject = 6EC458A41D4EF6C6003DFDB7 /* Project object */;
}
